# This file was autogenerated by Stack.
# You should not edit this file by hand.
# For more information, please see the documentation at:
#   https://docs.haskellstack.org/en/stable/lock_files

packages:
- completed:
    hackage: extensible-0.8.3@sha256:2886978a81e9c2ff29a93caf7ae847a8b7724dc4ee22381c5d29ca8318c686c4,2955
    pantry-tree:
      size: 2041
      sha256: 670fd3807d351e2668eb7c10d926c24501ef190e49e4a4624acc822b09b257b4
  original:
    hackage: extensible-0.8.3
- completed:
    hackage: membership-0.0.1@sha256:6c4d4ab6e3fb3253c6c670e8a63f74454dc91be50b9f292d0b1355792190aee5,999
    pantry-tree:
      size: 408
      sha256: b918a1a207108313b2bf453b0d9aa65122d9845c4b360c8ade46d3429ff1107a
  original:
    hackage: membership-0.0.1
- completed:
    hackage: incremental-0.3.1@sha256:9c697bae4f7e5ceb144bde13e03ca2f36b4bc2d0c92bbc02e0a604231ee279c2,1153
    pantry-tree:
      size: 370
      sha256: fd5f40352dbf1602babd2c5db2a120c26e57bbd5ad30b19ce24d04189f6a18d1
  original:
    hackage: incremental-0.3.1
- completed:
    size: 12123
    subdir: mix
    url: https://github.com/matsubara0507/mix.hs/archive/9bcd386526fe10a025a23e951c2de86b05129b17.tar.gz
    name: mix
    version: 0.1.1
    sha256: e6ddd7f45a74d368fede8656194fbf1dd9928a903852500c3c2cd4985d821649
    pantry-tree:
      size: 663
      sha256: c1ead54fea3c786e356dadde2301de201599c10e18bc0be32aa8a2e3569930aa
  original:
    subdir: mix
    url: https://github.com/matsubara0507/mix.hs/archive/9bcd386526fe10a025a23e951c2de86b05129b17.tar.gz
- completed:
    hackage: morpheus-graphql-client-0.19.3@sha256:148faf1957706f4d075c02dd744000a56e3e66bd7744287f298c5bfd91cb2c5f,3928
    pantry-tree:
      size: 3905
      sha256: 5eae16d83e0f088c77e9976471059b195704d3e6618e7e10cafd6d983014a812
  original:
    hackage: morpheus-graphql-client-0.19.3
- completed:
    hackage: morpheus-graphql-code-gen-0.19.3@sha256:1c091f26e5df356e803c8c7f246901c02837556bd3a4183d35f7226032427c8b,2307
    pantry-tree:
      size: 1096
      sha256: 5faab59d02a85e70d92dc2d47a9b4821779d71554c516164341f1d433a0b8364
  original:
    hackage: morpheus-graphql-code-gen-0.19.3
- completed:
    hackage: morpheus-graphql-core-0.19.3@sha256:92446cf129fc320b97e5395c73d1a5a94eb55df41c1f1e2f81ca1ab3eea42040,13868
    pantry-tree:
      size: 19197
      sha256: 8f9a888a71818fc940ab734962ee978ac9faf08db91373682f545fbb786423dd
  original:
    hackage: morpheus-graphql-core-0.19.3
snapshots:
- completed:
    size: 619093
    url: https://raw.githubusercontent.com/commercialhaskell/stackage-snapshots/master/lts/19/5.yaml
    sha256: b936d27d647a31a8834d3efec126e2a07dee9c9bd6dd401d9bdac77e7b278f1e
  original: lts-19.5
