# This file was autogenerated by Stack.
# You should not edit this file by hand.
# For more information, please see the documentation at:
#   https://docs.haskellstack.org/en/stable/lock_files

packages:
- completed:
    hackage: dotenv-0.8.0.4@sha256:c2f534bc1d951a9f96a84e55872e5031a36071b34e94f21dd8fe19993b661092,5703
    pantry-tree:
      size: 1778
      sha256: e6666a88eac6a5fa3bef2b9875312118de91e9f5ec54acb9ba61721e27c102f2
  original:
    hackage: dotenv-0.8.0.4
- completed:
    hackage: megaparsec-8.0.0@sha256:362f85e243ecbcb550e1de6e5c74ba5a50c09edaa1208c99bc5b9fd242227fc6,3808
    pantry-tree:
      size: 1446
      sha256: 955117c00a86970f2d0c215f33cf5293b16589c04678a0a790c03368ab6fd0aa
  original:
    hackage: megaparsec-8.0.0
- completed:
    hackage: extensible-0.7.1@sha256:feee1d0109e716075a72334a02086b4969cd52537661ffb5fd959ce5f9c01e25,2894
    pantry-tree:
      size: 2097
      sha256: 0074e55cf4bdd916bb157137f580560d589d18d0e88e0b2b85f8a3239aaacf5d
  original:
    hackage: extensible-0.7.1
- completed:
    hackage: membership-0@sha256:3a11d8fd53cb1a76bb9273e6c929bbf9d649f109714bf487abb3143be04ddc81,995
    pantry-tree:
      size: 408
      sha256: 3b593e0d14e848e318e745555776ebb25210e5e3dec4fde5d3c08ab51ceddc62
  original:
    hackage: membership-0
snapshots:
- completed:
    size: 488576
    url: https://raw.githubusercontent.com/commercialhaskell/stackage-snapshots/master/lts/15/0.yaml
    sha256: e4b6a87b47ec1cf63a7f1a0884a3b276fce2b0d174a10e8753c4f618e7983568
  original: lts-15.0
