# This file was autogenerated by Stack.
# You should not edit this file by hand.
# For more information, please see the documentation at:
#   https://docs.haskellstack.org/en/stable/lock_files

packages:
- completed:
    hackage: extensible-0.8.1@sha256:280840e31d92510b342d6a8d82d7af39cfd250194f9c26fca1d5cd406ee206f6,2946
    pantry-tree:
      size: 2097
      sha256: 49d78392bc6da683fe08b01b7e513b5eb471df1b8157616ca4d9dad0a9a23d3d
  original:
    hackage: extensible-0.8.1
- completed:
    hackage: membership-0@sha256:3a11d8fd53cb1a76bb9273e6c929bbf9d649f109714bf487abb3143be04ddc81,995
    pantry-tree:
      size: 408
      sha256: 3b593e0d14e848e318e745555776ebb25210e5e3dec4fde5d3c08ab51ceddc62
  original:
    hackage: membership-0
- completed:
    hackage: incremental-0.3.1@sha256:9c697bae4f7e5ceb144bde13e03ca2f36b4bc2d0c92bbc02e0a604231ee279c2,1153
    pantry-tree:
      size: 370
      sha256: fd5f40352dbf1602babd2c5db2a120c26e57bbd5ad30b19ce24d04189f6a18d1
  original:
    hackage: incremental-0.3.1
- completed:
    size: 11913
    subdir: mix
    url: https://github.com/matsubara0507/mix.hs/archive/75714be080db16f6a4f9d0a22e86947ffcdadc57.tar.gz
    name: mix
    version: 0.1.1
    sha256: c4aa501c544ab35a214e7b07f2f97fb19de644f48874c8d6838809bcf4d8edb9
    pantry-tree:
      size: 598
      sha256: 689bed307dc233a6c50e01f00295a079dc40a4291700646f3ca423d714ba35fc
  original:
    subdir: mix
    url: https://github.com/matsubara0507/mix.hs/archive/75714be080db16f6a4f9d0a22e86947ffcdadc57.tar.gz
snapshots:
- completed:
    size: 563098
    url: https://raw.githubusercontent.com/commercialhaskell/stackage-snapshots/master/lts/17/1.yaml
    sha256: 395775c03e66a4286f134d50346b0b6f1432131cf542886252984b4cfa5fef69
  original: lts-17.1
